
Microsoft Visual Studio Solution File, Format Version 12.00
# Visual Studio 15
VisualStudioVersion = 15.0.26124.0
MinimumVisualStudioVersion = 15.0.26124.0
Project("{FAE04EC0-301F-11D3-BF4B-00C04F79EFBC}") = "Domain", "Domain\Domain.csproj", "{D3D39B9B-71A4-4540-819F-2F0111989D14}"
EndProject
Project("{FAE04EC0-301F-11D3-BF4B-00C04F79EFBC}") = "Application", "Application\Application.csproj", "{B87CFE13-4029-4914-880B-8C98DA732B61}"
EndProject
Project("{FAE04EC0-301F-11D3-BF4B-00C04F79EFBC}") = "Persistence", "Persistence\Persistence.csproj", "{FE0C0F0B-308B-4DD0-846D-6DD28EABD398}"
EndProject
Project("{FAE04EC0-301F-11D3-BF4B-00C04F79EFBC}") = "API", "API\API.csproj", "{BAC248FB-15B7-40A6-9737-A126CE0A8D02}"
EndProject
Global
	GlobalSection(SolutionConfigurationPlatforms) = preSolution
		Debug|Any CPU = Debug|Any CPU
		Debug|x64 = Debug|x64
		Debug|x86 = Debug|x86
		Release|Any CPU = Release|Any CPU
		Release|x64 = Release|x64
		Release|x86 = Release|x86
	EndGlobalSection
	GlobalSection(SolutionProperties) = preSolution
		HideSolutionNode = FALSE
	EndGlobalSection
	GlobalSection(ProjectConfigurationPlatforms) = postSolution
		{D3D39B9B-71A4-4540-819F-2F0111989D14}.Debug|Any CPU.ActiveCfg = Debug|Any CPU
		{D3D39B9B-71A4-4540-819F-2F0111989D14}.Debug|Any CPU.Build.0 = Debug|Any CPU
		{D3D39B9B-71A4-4540-819F-2F0111989D14}.Debug|x64.ActiveCfg = Debug|Any CPU
		{D3D39B9B-71A4-4540-819F-2F0111989D14}.Debug|x64.Build.0 = Debug|Any CPU
		{D3D39B9B-71A4-4540-819F-2F0111989D14}.Debug|x86.ActiveCfg = Debug|Any CPU
		{D3D39B9B-71A4-4540-819F-2F0111989D14}.Debug|x86.Build.0 = Debug|Any CPU
		{D3D39B9B-71A4-4540-819F-2F0111989D14}.Release|Any CPU.ActiveCfg = Release|Any CPU
		{D3D39B9B-71A4-4540-819F-2F0111989D14}.Release|Any CPU.Build.0 = Release|Any CPU
		{D3D39B9B-71A4-4540-819F-2F0111989D14}.Release|x64.ActiveCfg = Release|Any CPU
		{D3D39B9B-71A4-4540-819F-2F0111989D14}.Release|x64.Build.0 = Release|Any CPU
		{D3D39B9B-71A4-4540-819F-2F0111989D14}.Release|x86.ActiveCfg = Release|Any CPU
		{D3D39B9B-71A4-4540-819F-2F0111989D14}.Release|x86.Build.0 = Release|Any CPU
		{B87CFE13-4029-4914-880B-8C98DA732B61}.Debug|Any CPU.ActiveCfg = Debug|Any CPU
		{B87CFE13-4029-4914-880B-8C98DA732B61}.Debug|Any CPU.Build.0 = Debug|Any CPU
		{B87CFE13-4029-4914-880B-8C98DA732B61}.Debug|x64.ActiveCfg = Debug|Any CPU
		{B87CFE13-4029-4914-880B-8C98DA732B61}.Debug|x64.Build.0 = Debug|Any CPU
		{B87CFE13-4029-4914-880B-8C98DA732B61}.Debug|x86.ActiveCfg = Debug|Any CPU
		{B87CFE13-4029-4914-880B-8C98DA732B61}.Debug|x86.Build.0 = Debug|Any CPU
		{B87CFE13-4029-4914-880B-8C98DA732B61}.Release|Any CPU.ActiveCfg = Release|Any CPU
		{B87CFE13-4029-4914-880B-8C98DA732B61}.Release|Any CPU.Build.0 = Release|Any CPU
		{B87CFE13-4029-4914-880B-8C98DA732B61}.Release|x64.ActiveCfg = Release|Any CPU
		{B87CFE13-4029-4914-880B-8C98DA732B61}.Release|x64.Build.0 = Release|Any CPU
		{B87CFE13-4029-4914-880B-8C98DA732B61}.Release|x86.ActiveCfg = Release|Any CPU
		{B87CFE13-4029-4914-880B-8C98DA732B61}.Release|x86.Build.0 = Release|Any CPU
		{FE0C0F0B-308B-4DD0-846D-6DD28EABD398}.Debug|Any CPU.ActiveCfg = Debug|Any CPU
		{FE0C0F0B-308B-4DD0-846D-6DD28EABD398}.Debug|Any CPU.Build.0 = Debug|Any CPU
		{FE0C0F0B-308B-4DD0-846D-6DD28EABD398}.Debug|x64.ActiveCfg = Debug|Any CPU
		{FE0C0F0B-308B-4DD0-846D-6DD28EABD398}.Debug|x64.Build.0 = Debug|Any CPU
		{FE0C0F0B-308B-4DD0-846D-6DD28EABD398}.Debug|x86.ActiveCfg = Debug|Any CPU
		{FE0C0F0B-308B-4DD0-846D-6DD28EABD398}.Debug|x86.Build.0 = Debug|Any CPU
		{FE0C0F0B-308B-4DD0-846D-6DD28EABD398}.Release|Any CPU.ActiveCfg = Release|Any CPU
		{FE0C0F0B-308B-4DD0-846D-6DD28EABD398}.Release|Any CPU.Build.0 = Release|Any CPU
		{FE0C0F0B-308B-4DD0-846D-6DD28EABD398}.Release|x64.ActiveCfg = Release|Any CPU
		{FE0C0F0B-308B-4DD0-846D-6DD28EABD398}.Release|x64.Build.0 = Release|Any CPU
		{FE0C0F0B-308B-4DD0-846D-6DD28EABD398}.Release|x86.ActiveCfg = Release|Any CPU
		{FE0C0F0B-308B-4DD0-846D-6DD28EABD398}.Release|x86.Build.0 = Release|Any CPU
		{BAC248FB-15B7-40A6-9737-A126CE0A8D02}.Debug|Any CPU.ActiveCfg = Debug|Any CPU
		{BAC248FB-15B7-40A6-9737-A126CE0A8D02}.Debug|Any CPU.Build.0 = Debug|Any CPU
		{BAC248FB-15B7-40A6-9737-A126CE0A8D02}.Debug|x64.ActiveCfg = Debug|Any CPU
		{BAC248FB-15B7-40A6-9737-A126CE0A8D02}.Debug|x64.Build.0 = Debug|Any CPU
		{BAC248FB-15B7-40A6-9737-A126CE0A8D02}.Debug|x86.ActiveCfg = Debug|Any CPU
		{BAC248FB-15B7-40A6-9737-A126CE0A8D02}.Debug|x86.Build.0 = Debug|Any CPU
		{BAC248FB-15B7-40A6-9737-A126CE0A8D02}.Release|Any CPU.ActiveCfg = Release|Any CPU
		{BAC248FB-15B7-40A6-9737-A126CE0A8D02}.Release|Any CPU.Build.0 = Release|Any CPU
		{BAC248FB-15B7-40A6-9737-A126CE0A8D02}.Release|x64.ActiveCfg = Release|Any CPU
		{BAC248FB-15B7-40A6-9737-A126CE0A8D02}.Release|x64.Build.0 = Release|Any CPU
		{BAC248FB-15B7-40A6-9737-A126CE0A8D02}.Release|x86.ActiveCfg = Release|Any CPU
		{BAC248FB-15B7-40A6-9737-A126CE0A8D02}.Release|x86.Build.0 = Release|Any CPU
	EndGlobalSection
EndGlobal
